// !$*UTF8*$!
{
	archiveVersion = 1;
	classes = {
	};
	objectVersion = 46;
	objects = {

/* Begin PBXBuildFile section */
		6E0EE2A01D51171800BA9AD5 /* AppDelegate.swift in Sources */ = {isa = PBXBuildFile; fileRef = 6E0EE29F1D51171800BA9AD5 /* AppDelegate.swift */; };
		6E0EE2A21D51171800BA9AD5 /* ViewController.swift in Sources */ = {isa = PBXBuildFile; fileRef = 6E0EE2A11D51171800BA9AD5 /* ViewController.swift */; };
		6E0EE2A51D51171800BA9AD5 /* Main.storyboard in Resources */ = {isa = PBXBuildFile; fileRef = 6E0EE2A31D51171800BA9AD5 /* Main.storyboard */; };
		6E0EE2A71D51171800BA9AD5 /* Assets.xcassets in Resources */ = {isa = PBXBuildFile; fileRef = 6E0EE2A61D51171800BA9AD5 /* Assets.xcassets */; };
		6E0EE2AA1D51171800BA9AD5 /* LaunchScreen.storyboard in Resources */ = {isa = PBXBuildFile; fileRef = 6E0EE2A81D51171800BA9AD5 /* LaunchScreen.storyboard */; };
		6E0EE2B51D51171800BA9AD5 /* How_Many_FingersTests.swift in Sources */ = {isa = PBXBuildFile; fileRef = 6E0EE2B41D51171800BA9AD5 /* How_Many_FingersTests.swift */; };
		6E0EE2C01D51171800BA9AD5 /* How_Many_FingersUITests.swift in Sources */ = {isa = PBXBuildFile; fileRef = 6E0EE2BF1D51171800BA9AD5 /* How_Many_FingersUITests.swift */; };
/* End PBXBuildFile section */

/* Begin PBXContainerItemProxy section */
		6E0EE2B11D51171800BA9AD5 /* PBXContainerItemProxy */ = {
			isa = PBXContainerItemProxy;
			containerPortal = 6E0EE2941D51171800BA9AD5 /* Project object */;
			proxyType = 1;
			remoteGlobalIDString = 6E0EE29B1D51171800BA9AD5;
			remoteInfo = "How Many Fingers";
		};
		6E0EE2BC1D51171800BA9AD5 /* PBXContainerItemProxy */ = {
			isa = PBXContainerItemProxy;
			containerPortal = 6E0EE2941D51171800BA9AD5 /* Project object */;
			proxyType = 1;
			remoteGlobalIDString = 6E0EE29B1D51171800BA9AD5;
			remoteInfo = "How Many Fingers";
		};
/* End PBXContainerItemProxy section */

/* Begin PBXFileReference section */
		6E0EE29C1D51171800BA9AD5 /* How Many Fingers.app */ = {isa = PBXFileReference; explicitFileType = wrapper.application; includeInIndex = 0; path = "How Many Fingers.app"; sourceTree = BUILT_PRODUCTS_DIR; };
		6E0EE29F1D51171800BA9AD5 /* AppDelegate.swift */ = {isa = PBXFileReference; lastKnownFileType = sourcecode.swift; path = AppDelegate.swift; sourceTree = "<group>"; };
		6E0EE2A11D51171800BA9AD5 /* ViewController.swift */ = {isa = PBXFileReference; lastKnownFileType = sourcecode.swift; path = ViewController.swift; sourceTree = "<group>"; };
		6E0EE2A41D51171800BA9AD5 /* Base */ = {isa = PBXFileReference; lastKnownFileType = file.storyboard; name = Base; path = Base.lproj/Main.storyboard; sourceTree = "<group>"; };
		6E0EE2A61D51171800BA9AD5 /* Assets.xcassets */ = {isa = PBXFileReference; lastKnownFileType = folder.assetcatalog; path = Assets.xcassets; sourceTree = "<group>"; };
		6E0EE2A91D51171800BA9AD5 /* Base */ = {isa = PBXFileReference; lastKnownFileType = file.storyboard; name = Base; path = Base.lproj/LaunchScreen.storyboard; sourceTree = "<group>"; };
		6E0EE2AB1D51171800BA9AD5 /* Info.plist */ = {isa = PBXFileReference; lastKnownFileType = text.plist.xml; path = Info.plist; sourceTree = "<group>"; };
		6E0EE2B01D51171800BA9AD5 /* How Many FingersTests.xctest */ = {isa = PBXFileReference; explicitFileType = wrapper.cfbundle; includeInIndex = 0; path = "How Many FingersTests.xctest"; sourceTree = BUILT_PRODUCTS_DIR; };
		6E0EE2B41D51171800BA9AD5 /* How_Many_FingersTests.swift */ = {isa = PBXFileReference; lastKnownFileType = sourcecode.swift; path = How_Many_FingersTests.swift; sourceTree = "<group>"; };
		6E0EE2B61D51171800BA9AD5 /* Info.plist */ = {isa = PBXFileReference; lastKnownFileType = text.plist.xml; path = Info.plist; sourceTree = "<group>"; };
		6E0EE2BB1D51171800BA9AD5 /* How Many FingersUITests.xctest */ = {isa = PBXFileReference; explicitFileType = wrapper.cfbundle; includeInIndex = 0; path = "How Many FingersUITests.xctest"; sourceTree = BUILT_PRODUCTS_DIR; };
		6E0EE2BF1D51171800BA9AD5 /* How_Many_FingersUITests.swift */ = {isa = PBXFileReference; lastKnownFileType = sourcecode.swift; path = How_Many_FingersUITests.swift; sourceTree = "<group>"; };
		6E0EE2C11D51171800BA9AD5 /* Info.plist */ = {isa = PBXFileReference; lastKnownFileType = text.plist.xml; path = Info.plist; sourceTree = "<group>"; };
/* End PBXFileReference section */

/* Begin PBXFrameworksBuildPhase section */
		6E0EE2991D51171800BA9AD5 /* Frameworks */ = {
			isa = PBXFrameworksBuildPhase;
			buildActionMask = 2147483647;
			files = (
			);
			runOnlyForDeploymentPostprocessing = 0;
		};
		6E0EE2AD1D51171800BA9AD5 /* Frameworks */ = {
			isa = PBXFrameworksBuildPhase;
			buildActionMask = 2147483647;
			files = (
			);
			runOnlyForDeploymentPostprocessing = 0;
		};
		6E0EE2B81D51171800BA9AD5 /* Frameworks */ = {
			isa = PBXFrameworksBuildPhase;
			buildActionMask = 2147483647;
			files = (
			);
			runOnlyForDeploymentPostprocessing = 0;
		};
/* End PBXFrameworksBuildPhase section */

/* Begin PBXGroup section */
		6E0EE2931D51171800BA9AD5 = {
			isa = PBXGroup;
			children = (
				6E0EE29E1D51171800BA9AD5 /* How Many Fingers */,
				6E0EE2B31D51171800BA9AD5 /* How Many FingersTests */,
				6E0EE2BE1D51171800BA9AD5 /* How Many FingersUITests */,
				6E0EE29D1D51171800BA9AD5 /* Products */,
			);
			sourceTree = "<group>";
		};
		6E0EE29D1D51171800BA9AD5 /* Products */ = {
			isa = PBXGroup;
			children = (
				6E0EE29C1D51171800BA9AD5 /* How Many Fingers.app */,
				6E0EE2B01D51171800BA9AD5 /* How Many FingersTests.xctest */,
				6E0EE2BB1D51171800BA9AD5 /* How Many FingersUITests.xctest */,
			);
			name = Products;
			sourceTree = "<group>";
		};
		6E0EE29E1D51171800BA9AD5 /* How Many Fingers */ = {
			isa = PBXGroup;
			children = (
				6E0EE29F1D51171800BA9AD5 /* AppDelegate.swift */,
				6E0EE2A11D51171800BA9AD5 /* ViewController.swift */,
				6E0EE2A31D51171800BA9AD5 /* Main.storyboard */,
				6E0EE2A61D51171800BA9AD5 /* Assets.xcassets */,
				6E0EE2A81D51171800BA9AD5 /* LaunchScreen.storyboard */,
				6E0EE2AB1D51171800BA9AD5 /* Info.plist */,
			);
			path = "How Many Fingers";
			sourceTree = "<group>";
		};
		6E0EE2B31D51171800BA9AD5 /* How Many FingersTests */ = {
			isa = PBXGroup;
			children = (
				6E0EE2B41D51171800BA9AD5 /* How_Many_FingersTests.swift */,
				6E0EE2B61D51171800BA9AD5 /* Info.plist */,
			);
			path = "How Many FingersTests";
			sourceTree = "<group>";
		};
		6E0EE2BE1D51171800BA9AD5 /* How Many FingersUITests */ = {
			isa = PBXGroup;
			children = (
				6E0EE2BF1D51171800BA9AD5 /* How_Many_FingersUITests.swift */,
				6E0EE2C11D51171800BA9AD5 /* Info.plist */,
			);
			path = "How Many FingersUITests";
			sourceTree = "<group>";
		};
/* End PBXGroup section */

/* Begin PBXNativeTarget section */
		6E0EE29B1D51171800BA9AD5 /* How Many Fingers */ = {
			isa = PBXNativeTarget;
			buildConfigurationList = 6E0EE2C41D51171800BA9AD5 /* Build configuration list for PBXNativeTarget "How Many Fingers" */;
			buildPhases = (
				6E0EE2981D51171800BA9AD5 /* Sources */,
				6E0EE2991D51171800BA9AD5 /* Frameworks */,
				6E0EE29A1D51171800BA9AD5 /* Resources */,
			);
			buildRules = (
			);
			dependencies = (
			);
			name = "How Many Fingers";
			productName = "How Many Fingers";
			productReference = 6E0EE29C1D51171800BA9AD5 /* How Many Fingers.app */;
			productType = "com.apple.product-type.application";
		};
		6E0EE2AF1D51171800BA9AD5 /* How Many FingersTests */ = {
			isa = PBXNativeTarget;
			buildConfigurationList = 6E0EE2C71D51171800BA9AD5 /* Build configuration list for PBXNativeTarget "How Many FingersTests" */;
			buildPhases = (
				6E0EE2AC1D51171800BA9AD5 /* Sources */,
				6E0EE2AD1D51171800BA9AD5 /* Frameworks */,
				6E0EE2AE1D51171800BA9AD5 /* Resources */,
			);
			buildRules = (
			);
			dependencies = (
				6E0EE2B21D51171800BA9AD5 /* PBXTargetDependency */,
			);
			name = "How Many FingersTests";
			productName = "How Many FingersTests";
			productReference = 6E0EE2B01D51171800BA9AD5 /* How Many FingersTests.xctest */;
			productType = "com.apple.product-type.bundle.unit-test";
		};
		6E0EE2BA1D51171800BA9AD5 /* How Many FingersUITests */ = {
			isa = PBXNativeTarget;
			buildConfigurationList = 6E0EE2CA1D51171800BA9AD5 /* Build configuration list for PBXNativeTarget "How Many FingersUITests" */;
			buildPhases = (
				6E0EE2B71D51171800BA9AD5 /* Sources */,
				6E0EE2B81D51171800BA9AD5 /* Frameworks */,
				6E0EE2B91D51171800BA9AD5 /* Resources */,
			);
			buildRules = (
			);
			dependencies = (
				6E0EE2BD1D51171800BA9AD5 /* PBXTargetDependency */,
			);
			name = "How Many FingersUITests";
			productName = "How Many FingersUITests";
			productReference = 6E0EE2BB1D51171800BA9AD5 /* How Many FingersUITests.xctest */;
			productType = "com.apple.product-type.bundle.ui-testing";
		};
/* End PBXNativeTarget section */

/* Begin PBXProject section */
		6E0EE2941D51171800BA9AD5 /* Project object */ = {
			isa = PBXProject;
			attributes = {
				LastSwiftUpdateCheck = 0730;
				LastUpgradeCheck = 0730;
				ORGANIZATIONNAME = "Zulwiyoza Putra";
				TargetAttributes = {
					6E0EE29B1D51171800BA9AD5 = {
						CreatedOnToolsVersion = 7.3.1;
						DevelopmentTeam = 44VVQHZS45;
					};
					6E0EE2AF1D51171800BA9AD5 = {
						CreatedOnToolsVersion = 7.3.1;
						TestTargetID = 6E0EE29B1D51171800BA9AD5;
					};
					6E0EE2BA1D51171800BA9AD5 = {
						CreatedOnToolsVersion = 7.3.1;
						TestTargetID = 6E0EE29B1D51171800BA9AD5;
					};
				};
			};
			buildConfigurationList = 6E0EE2971D51171800BA9AD5 /* Build configuration list for PBXProject "How Many Fingers" */;
			compatibilityVersion = "Xcode 3.2";
			developmentRegion = English;
			hasScannedForEncodings = 0;
			knownRegions = (
				en,
				Base,
			);
			mainGroup = 6E0EE2931D51171800BA9AD5;
			productRefGroup = 6E0EE29D1D51171800BA9AD5 /* Products */;
			projectDirPath = "";
			projectRoot = "";
			targets = (
				6E0EE29B1D51171800BA9AD5 /* How Many Fingers */,
				6E0EE2AF1D51171800BA9AD5 /* How Many FingersTests */,
				6E0EE2BA1D51171800BA9AD5 /* How Many FingersUITests */,
			);
		};
/* End PBXProject section */

/* Begin PBXResourcesBuildPhase section */
		6E0EE29A1D51171800BA9AD5 /* Resources */ = {
			isa = PBXResourcesBuildPhase;
			buildActionMask = 2147483647;
			files = (
				6E0EE2AA1D51171800BA9AD5 /* LaunchScreen.storyboard in Resources */,
				6E0EE2A71D51171800BA9AD5 /* Assets.xcassets in Resources */,
				6E0EE2A51D51171800BA9AD5 /* Main.storyboard in Resources */,
			);
			runOnlyForDeploymentPostprocessing = 0;
		};
		6E0EE2AE1D51171800BA9AD5 /* Resources */ = {
			isa = PBXResourcesBuildPhase;
			buildActionMask = 2147483647;
			files = (
			);
			runOnlyForDeploymentPostprocessing = 0;
		};
		6E0EE2B91D51171800BA9AD5 /* Resources */ = {
			isa = PBXResourcesBuildPhase;
			buildActionMask = 2147483647;
			files = (
			);
			runOnlyForDeploymentPostprocessing = 0;
		};
/* End PBXResourcesBuildPhase section */

/* Begin PBXSourcesBuildPhase section */
		6E0EE2981D51171800BA9AD5 /* Sources */ = {
			isa = PBXSourcesBuildPhase;
			buildActionMask = 2147483647;
			files = (
				6E0EE2A21D51171800BA9AD5 /* ViewController.swift in Sources */,
				6E0EE2A01D51171800BA9AD5 /* AppDelegate.swift in Sources */,
			);
			runOnlyForDeploymentPostprocessing = 0;
		};
		6E0EE2AC1D51171800BA9AD5 /* Sources */ = {
			isa = PBXSourcesBuildPhase;
			buildActionMask = 2147483647;
			files = (
				6E0EE2B51D51171800BA9AD5 /* How_Many_FingersTests.swift in Sources */,
			);
			runOnlyForDeploymentPostprocessing = 0;
		};
		6E0EE2B71D51171800BA9AD5 /* Sources */ = {
			isa = PBXSourcesBuildPhase;
			buildActionMask = 2147483647;
			files = (
				6E0EE2C01D51171800BA9AD5 /* How_Many_FingersUITests.swift in Sources */,
			);
			runOnlyForDeploymentPostprocessing = 0;
		};
/* End PBXSourcesBuildPhase section */

/* Begin PBXTargetDependency section */
		6E0EE2B21D51171800BA9AD5 /* PBXTargetDependency */ = {
			isa = PBXTargetDependency;
			target = 6E0EE29B1D51171800BA9AD5 /* How Many Fingers */;
			targetProxy = 6E0EE2B11D51171800BA9AD5 /* PBXContainerItemProxy */;
		};
		6E0EE2BD1D51171800BA9AD5 /* PBXTargetDependency */ = {
			isa = PBXTargetDependency;
			target = 6E0EE29B1D51171800BA9AD5 /* How Many Fingers */;
			targetProxy = 6E0EE2BC1D51171800BA9AD5 /* PBXContainerItemProxy */;
		};
/* End PBXTargetDependency section */

/* Begin PBXVariantGroup section */
		6E0EE2A31D51171800BA9AD5 /* Main.storyboard */ = {
			isa = PBXVariantGroup;
			children = (
				6E0EE2A41D51171800BA9AD5 /* Base */,
			);
			name = Main.storyboard;
			sourceTree = "<group>";
		};
		6E0EE2A81D51171800BA9AD5 /* LaunchScreen.storyboard */ = {
			isa = PBXVariantGroup;
			children = (
				6E0EE2A91D51171800BA9AD5 /* Base */,
			);
			name = LaunchScreen.storyboard;
			sourceTree = "<group>";
		};
/* End PBXVariantGroup section */

/* Begin XCBuildConfiguration section */
		6E0EE2C21D51171800BA9AD5 /* Debug */ = {
			isa = XCBuildConfiguration;
			buildSettings = {
				ALWAYS_SEARCH_USER_PATHS = NO;
				CLANG_ANALYZER_NONNULL = YES;
				CLANG_CXX_LANGUAGE_STANDARD = "gnu++0x";
				CLANG_CXX_LIBRARY = "libc++";
				CLANG_ENABLE_MODULES = YES;
				CLANG_ENABLE_OBJC_ARC = YES;
				CLANG_WARN_BOOL_CONVERSION = YES;
				CLANG_WARN_CONSTANT_CONVERSION = YES;
				CLANG_WARN_DIRECT_OBJC_ISA_USAGE = YES_ERROR;
				CLANG_WARN_EMPTY_BODY = YES;
				CLANG_WARN_ENUM_CONVERSION = YES;
				CLANG_WARN_INT_CONVERSION = YES;
				CLANG_WARN_OBJC_ROOT_CLASS = YES_ERROR;
				CLANG_WARN_UNREACHABLE_CODE = YES;
				CLANG_WARN__DUPLICATE_METHOD_MATCH = YES;
				"CODE_SIGN_IDENTITY[sdk=iphoneos*]" = "iPhone Developer";
				COPY_PHASE_STRIP = NO;
				DEBUG_INFORMATION_FORMAT = dwarf;
				ENABLE_STRICT_OBJC_MSGSEND = YES;
				ENABLE_TESTABILITY = YES;
				GCC_C_LANGUAGE_STANDARD = gnu99;
				GCC_DYNAMIC_NO_PIC = NO;
				GCC_NO_COMMON_BLOCKS = YES;
				GCC_OPTIMIZATION_LEVEL = 0;
				GCC_PREPROCESSOR_DEFINITIONS = (
					"DEBUG=1",
					"$(inherited)",
				);
				GCC_WARN_64_TO_32_BIT_CONVERSION = YES;
				GCC_WARN_ABOUT_RETURN_TYPE = YES_ERROR;
				GCC_WARN_UNDECLARED_SELECTOR = YES;
				GCC_WARN_UNINITIALIZED_AUTOS = YES_AGGRESSIVE;
				GCC_WARN_UNUSED_FUNCTION = YES;
				GCC_WARN_UNUSED_VARIABLE = YES;
				IPHONEOS_DEPLOYMENT_TARGET = 9.3;
				MTL_ENABLE_DEBUG_INFO = YES;
				ONLY_ACTIVE_ARCH = YES;
				SDKROOT = iphoneos;
				SWIFT_OPTIMIZATION_LEVEL = "-Onone";
				TARGETED_DEVICE_FAMILY = "1,2";
			};
			name = Debug;
		};
		6E0EE2C31D51171800BA9AD5 /* Release */ = {
			isa = XCBuildConfiguration;
			buildSettings = {
				ALWAYS_SEARCH_USER_PATHS = NO;
				CLANG_ANALYZER_NONNULL = YES;
				CLANG_CXX_LANGUAGE_STANDARD = "gnu++0x";
				CLANG_CXX_LIBRARY = "libc++";
				CLANG_ENABLE_MODULES = YES;
				CLANG_ENABLE_OBJC_ARC = YES;
				CLANG_WARN_BOOL_CONVERSION = YES;
				CLANG_WARN_CONSTANT_CONVERSION = YES;
				CLANG_WARN_DIRECT_OBJC_ISA_USAGE = YES_ERROR;
				CLANG_WARN_EMPTY_BODY = YES;
				CLANG_WARN_ENUM_CONVERSION = YES;
				CLANG_WARN_INT_CONVERSION = YES;
				CLANG_WARN_OBJC_ROOT_CLASS = YES_ERROR;
				CLANG_WARN_UNREACHABLE_CODE = YES;
				CLANG_WARN__DUPLICATE_METHOD_MATCH = YES;
				"CODE_SIGN_IDENTITY[sdk=iphoneos*]" = "iPhone Developer";
				COPY_PHASE_STRIP = NO;
				DEBUG_INFORMATION_FORMAT = "dwarf-with-dsym";
				ENABLE_NS_ASSERTIONS = NO;
				ENABLE_STRICT_OBJC_MSGSEND = YES;
				GCC_C_LANGUAGE_STANDARD = gnu99;
				GCC_NO_COMMON_BLOCKS = YES;
				GCC_WARN_64_TO_32_BIT_CONVERSION = YES;
				GCC_WARN_ABOUT_RETURN_TYPE = YES_ERROR;
				GCC_WARN_UNDECLARED_SELECTOR = YES;
				GCC_WARN_UNINITIALIZED_AUTOS = YES_AGGRESSIVE;
				GCC_WARN_UNUSED_FUNCTION = YES;
				GCC_WARN_UNUSED_VARIABLE = YES;
				IPHONEOS_DEPLOYMENT_TARGET = 9.3;
				MTL_ENABLE_DEBUG_INFO = NO;
				SDKROOT = iphoneos;
				TARGETED_DEVICE_FAMILY = "1,2";
				VALIDATE_PRODUCT = YES;
			};
			name = Release;
		};
		6E0EE2C51D51171800BA9AD5 /* Debug */ = {
			isa = XCBuildConfiguration;
			buildSettings = {
				ASSETCATALOG_COMPILER_APPICON_NAME = AppIcon;
				CODE_SIGN_IDENTITY = "iPhone Developer";
				"CODE_SIGN_IDENTITY[sdk=iphoneos*]" = "iPhone Developer";
				INFOPLIST_FILE = "How Many Fingers/Info.plist";
				LD_RUNPATH_SEARCH_PATHS = "$(inherited) @executable_path/Frameworks";
				PRODUCT_BUNDLE_IDENTIFIER = "com.zulwiyozaputra.How-Many-Fingers";
				PRODUCT_NAME = "$(TARGET_NAME)";
				PROVISIONING_PROFILE = "";
			};
			name = Debug;
		};
		6E0EE2C61D51171800BA9AD5 /* Release */ = {
			isa = XCBuildConfiguration;
			buildSettings = {
				ASSETCATALOG_COMPILER_APPICON_NAME = AppIcon;
				CODE_SIGN_IDENTITY = "iPhone Developer";
				"CODE_SIGN_IDENTITY[sdk=iphoneos*]" = "iPhone Developer";
				INFOPLIST_FILE = "How Many Fingers/Info.plist";
				LD_RUNPATH_SEARCH_PATHS = "$(inherited) @executable_path/Frameworks";
				PRODUCT_BUNDLE_IDENTIFIER = "com.zulwiyozaputra.How-Many-Fingers";
				PRODUCT_NAME = "$(TARGET_NAME)";
				PROVISIONING_PROFILE = "";
			};
			name = Release;
		};
		6E0EE2C81D51171800BA9AD5 /* Debug */ = {
			isa = XCBuildConfiguration;
			buildSettings = {
				BUNDLE_LOADER = "$(TEST_HOST)";
				INFOPLIST_FILE = "How Many FingersTests/Info.plist";
				LD_RUNPATH_SEARCH_PATHS = "$(inherited) @executable_path/Frameworks @loader_path/Frameworks";
				PRODUCT_BUNDLE_IDENTIFIER = "com.zulwiyozaputra.How-Many-FingersTests";
				PRODUCT_NAME = "$(TARGET_NAME)";
				TEST_HOST = "$(BUILT_PRODUCTS_DIR)/How Many Fingers.app/How Many Fingers";
			};
			name = Debug;
		};
		6E0EE2C91D51171800BA9AD5 /* Release */ = {
			isa = XCBuildConfiguration;
			buildSettings = {
				BUNDLE_LOADER = "$(TEST_HOST)";
				INFOPLIST_FILE = "How Many FingersTests/Info.plist";
				LD_RUNPATH_SEARCH_PATHS = "$(inherited) @executable_path/Frameworks @loader_path/Frameworks";
				PRODUCT_BUNDLE_IDENTIFIER = "com.zulwiyozaputra.How-Many-FingersTests";
				PRODUCT_NAME = "$(TARGET_NAME)";
				TEST_HOST = "$(BUILT_PRODUCTS_DIR)/How Many Fingers.app/How Many Fingers";
			};
			name = Release;
		};
		6E0EE2CB1D51171800BA9AD5 /* Debug */ = {
			isa = XCBuildConfiguration;
			buildSettings = {
				INFOPLIST_FILE = "How Many FingersUITests/Info.plist";
				LD_RUNPATH_SEARCH_PATHS = "$(inherited) @executable_path/Frameworks @loader_path/Frameworks";
				PRODUCT_BUNDLE_IDENTIFIER = "com.zulwiyozaputra.How-Many-FingersUITests";
				PRODUCT_NAME = "$(TARGET_NAME)";
				TEST_TARGET_NAME = "How Many Fingers";
			};
			name = Debug;
		};
		6E0EE2CC1D51171800BA9AD5 /* Release */ = {
			isa = XCBuildConfiguration;
			buildSettings = {
				INFOPLIST_FILE = "How Many FingersUITests/Info.plist";
				LD_RUNPATH_SEARCH_PATHS = "$(inherited) @executable_path/Frameworks @loader_path/Frameworks";
				PRODUCT_BUNDLE_IDENTIFIER = "com.zulwiyozaputra.How-Many-FingersUITests";
				PRODUCT_NAME = "$(TARGET_NAME)";
				TEST_TARGET_NAME = "How Many Fingers";
			};
			name = Release;
		};
/* End XCBuildConfiguration section */

/* Begin XCConfigurationList section */
		6E0EE2971D51171800BA9AD5 /* Build configuration list for PBXProject "How Many Fingers" */ = {
			isa = XCConfigurationList;
			buildConfigurations = (
				6E0EE2C21D51171800BA9AD5 /* Debug */,
				6E0EE2C31D51171800BA9AD5 /* Release */,
			);
			defaultConfigurationIsVisible = 0;
			defaultConfigurationName = Release;
		};
		6E0EE2C41D51171800BA9AD5 /* Build configuration list for PBXNativeTarget "How Many Fingers" */ = {
			isa = XCConfigurationList;
			buildConfigurations = (
				6E0EE2C51D51171800BA9AD5 /* Debug */,
				6E0EE2C61D51171800BA9AD5 /* Release */,
			);
			defaultConfigurationIsVisible = 0;
		};
		6E0EE2C71D51171800BA9AD5 /* Build configuration list for PBXNativeTarget "How Many FingersTests" */ = {
			isa = XCConfigurationList;
			buildConfigurations = (
				6E0EE2C81D51171800BA9AD5 /* Debug */,
				6E0EE2C91D51171800BA9AD5 /* Release */,
			);
			defaultConfigurationIsVisible = 0;
		};
		6E0EE2CA1D51171800BA9AD5 /* Build configuration list for PBXNativeTarget "How Many FingersUITests" */ = {
			isa = XCConfigurationList;
			buildConfigurations = (
				6E0EE2CB1D51171800BA9AD5 /* Debug */,
				6E0EE2CC1D51171800BA9AD5 /* Release */,
			);
			defaultConfigurationIsVisible = 0;
		};
/* End XCConfigurationList section */
	};
	rootObject = 6E0EE2941D51171800BA9AD5 /* Project object */;
}
